
Microsoft Visual Studio Solution File, Format Version 12.00
# Visual Studio Version 17
VisualStudioVersion = 17.2.32616.157
MinimumVisualStudioVersion = 10.0.40219.1
Project("{2150E333-8FDC-42A3-9474-1A3956D46DE8}") = "Solution Items", "Solution Items", "{813701A5-E0E2-4117-B6D0-60ED692100C4}"
	ProjectSection(SolutionItems) = preProject
		src\docker-compose.override.yml = src\docker-compose.override.yml
		src\docker-compose.yml = src\docker-compose.yml
		global.json = global.json
		README.md = README.md
	EndProjectSection
EndProject
Project("{2150E333-8FDC-42A3-9474-1A3956D46DE8}") = "src", "src", "{4AACC1AA-7C83-46DB-B996-CC008210BE04}"
EndProject
Project("{2150E333-8FDC-42A3-9474-1A3956D46DE8}") = "tests", "tests", "{AA0C60D4-FA9D-459B-A88F-2715BEC1F390}"
EndProject
Project("{2150E333-8FDC-42A3-9474-1A3956D46DE8}") = "ApiGateways", "ApiGateways", "{9A750B99-5BD4-4846-A507-7EF6AC3A8B63}"
EndProject
Project("{2150E333-8FDC-42A3-9474-1A3956D46DE8}") = "BuildingBlocks", "BuildingBlocks", "{B58CA01F-F426-4150-9211-C0FA61FBFFEC}"
EndProject
Project("{2150E333-8FDC-42A3-9474-1A3956D46DE8}") = "Services", "Services", "{92C82BA4-FE0D-4B80-9897-6DB7F701FF9B}"
EndProject
Project("{9A19103F-16F7-4668-BE54-9A1E7A4F7556}") = "Common.Logging", "src\BuildingBlocks\Common.Logging\Common.Logging.csproj", "{50388E33-5CE0-4C5A-8B10-C2D0EB049972}"
EndProject
Project("{9A19103F-16F7-4668-BE54-9A1E7A4F7556}") = "EventBus.Message", "src\BuildingBlocks\EventBus.Message\EventBus.Message.csproj", "{2A83EE8E-93A1-4D95-BB7D-18CBEFF4DC36}"
EndProject
Project("{2150E333-8FDC-42A3-9474-1A3956D46DE8}") = "Production", "Production", "{B9E638E8-2605-4370-BAC3-403BA3459DB4}"
EndProject
Project("{2150E333-8FDC-42A3-9474-1A3956D46DE8}") = "Customer", "Customer", "{ACBCA14C-4BD9-4AC2-AD08-3B0BA7AA2591}"
EndProject
Project("{2150E333-8FDC-42A3-9474-1A3956D46DE8}") = "Basket", "Basket", "{60BA7B7C-C424-47E9-98ED-DA25EE97FD8B}"
EndProject
Project("{2150E333-8FDC-42A3-9474-1A3956D46DE8}") = "Ordering", "Ordering", "{7AC17FFD-2FB0-4B9B-82B0-33B5626BB386}"
EndProject
Project("{2150E333-8FDC-42A3-9474-1A3956D46DE8}") = "Inventory", "Inventory", "{0073D0C0-929A-4D25-9656-988BDEBD7961}"
EndProject
Project("{2150E333-8FDC-42A3-9474-1A3956D46DE8}") = "ScheduledJob", "ScheduledJob", "{CAA2C0F9-981F-40C5-AD31-72AEEC963953}"
EndProject
Project("{2150E333-8FDC-42A3-9474-1A3956D46DE8}") = "WebApps", "WebApps", "{7EF2AC82-7FD8-4F13-B342-45F2B159DF66}"
EndProject
Project("{9A19103F-16F7-4668-BE54-9A1E7A4F7556}") = "WebHealthStatus", "src\WebApps\WebHealthStatus\WebHealthStatus.csproj", "{6F9B86EB-2119-41FA-A0B6-1AA968495A8E}"
EndProject
Project("{9A19103F-16F7-4668-BE54-9A1E7A4F7556}") = "Basket.Api", "src\Services\Basket.Api\Basket.Api.csproj", "{B2BCDA3C-7572-4C5B-8671-4C3FD00D30C6}"
EndProject
Project("{9A19103F-16F7-4668-BE54-9A1E7A4F7556}") = "Customer.Api", "src\Services\Customer.Api\Customer.Api.csproj", "{F098C225-7222-4CA6-8439-69D6A9536055}"
EndProject
Project("{9A19103F-16F7-4668-BE54-9A1E7A4F7556}") = "Inventory.Production.Api", "src\Services\Inventory.Production.Api\Inventory.Production.Api.csproj", "{9FABBC83-46CB-4A8A-A6D5-4361C1BEF5D7}"
EndProject
Project("{9A19103F-16F7-4668-BE54-9A1E7A4F7556}") = "Ordering.Api", "src\Services\Ordering.Api\Ordering.Api.csproj", "{D0878982-8B79-4039-B3EC-95296CF4FABE}"
EndProject
Project("{9A19103F-16F7-4668-BE54-9A1E7A4F7556}") = "Production.Api", "src\Services\Production.Api\Production.Api.csproj", "{769FEE0A-6471-492A-929A-477C5C842AAD}"
EndProject
Project("{9A19103F-16F7-4668-BE54-9A1E7A4F7556}") = "Infartructure", "src\BuildingBlocks\Infartructure\Infartructure.csproj", "{AAD27201-71DD-4C6A-B46C-5C8E48FEF1AD}"
EndProject
Project("{9A19103F-16F7-4668-BE54-9A1E7A4F7556}") = "Contracts", "src\BuildingBlocks\Contracts\Contracts.csproj", "{1AE79FDB-7A72-4411-929A-D01C334C1A65}"
EndProject
Project("{9A19103F-16F7-4668-BE54-9A1E7A4F7556}") = "Hangfire.Api", "src\Services\Hangfire.Api\Hangfire.Api.csproj", "{9B392C86-2C75-482F-9809-C7F6C40BD47E}"
EndProject
Project("{9A19103F-16F7-4668-BE54-9A1E7A4F7556}") = "Shared", "src\BuildingBlocks\Shared\Shared.csproj", "{8923419F-0880-45FB-A9A1-919265C8B2DF}"
EndProject
Project("{FAE04EC0-301F-11D3-BF4B-00C04F79EFBC}") = "OcelotApiGw", "src\ApiGateways\OcelotApiGw\OcelotApiGw.csproj", "{DA6A2774-465B-43D8-AEBE-0BE87488739D}"
EndProject
Global
	GlobalSection(SolutionConfigurationPlatforms) = preSolution
		Debug|Any CPU = Debug|Any CPU
		Release|Any CPU = Release|Any CPU
	EndGlobalSection
	GlobalSection(ProjectConfigurationPlatforms) = postSolution
		{50388E33-5CE0-4C5A-8B10-C2D0EB049972}.Debug|Any CPU.ActiveCfg = Debug|Any CPU
		{50388E33-5CE0-4C5A-8B10-C2D0EB049972}.Debug|Any CPU.Build.0 = Debug|Any CPU
		{50388E33-5CE0-4C5A-8B10-C2D0EB049972}.Release|Any CPU.ActiveCfg = Release|Any CPU
		{50388E33-5CE0-4C5A-8B10-C2D0EB049972}.Release|Any CPU.Build.0 = Release|Any CPU
		{2A83EE8E-93A1-4D95-BB7D-18CBEFF4DC36}.Debug|Any CPU.ActiveCfg = Debug|Any CPU
		{2A83EE8E-93A1-4D95-BB7D-18CBEFF4DC36}.Debug|Any CPU.Build.0 = Debug|Any CPU
		{2A83EE8E-93A1-4D95-BB7D-18CBEFF4DC36}.Release|Any CPU.ActiveCfg = Release|Any CPU
		{2A83EE8E-93A1-4D95-BB7D-18CBEFF4DC36}.Release|Any CPU.Build.0 = Release|Any CPU
		{6F9B86EB-2119-41FA-A0B6-1AA968495A8E}.Debug|Any CPU.ActiveCfg = Debug|Any CPU
		{6F9B86EB-2119-41FA-A0B6-1AA968495A8E}.Debug|Any CPU.Build.0 = Debug|Any CPU
		{6F9B86EB-2119-41FA-A0B6-1AA968495A8E}.Release|Any CPU.ActiveCfg = Release|Any CPU
		{6F9B86EB-2119-41FA-A0B6-1AA968495A8E}.Release|Any CPU.Build.0 = Release|Any CPU
		{B2BCDA3C-7572-4C5B-8671-4C3FD00D30C6}.Debug|Any CPU.ActiveCfg = Debug|Any CPU
		{B2BCDA3C-7572-4C5B-8671-4C3FD00D30C6}.Debug|Any CPU.Build.0 = Debug|Any CPU
		{B2BCDA3C-7572-4C5B-8671-4C3FD00D30C6}.Release|Any CPU.ActiveCfg = Release|Any CPU
		{B2BCDA3C-7572-4C5B-8671-4C3FD00D30C6}.Release|Any CPU.Build.0 = Release|Any CPU
		{F098C225-7222-4CA6-8439-69D6A9536055}.Debug|Any CPU.ActiveCfg = Debug|Any CPU
		{F098C225-7222-4CA6-8439-69D6A9536055}.Debug|Any CPU.Build.0 = Debug|Any CPU
		{F098C225-7222-4CA6-8439-69D6A9536055}.Release|Any CPU.ActiveCfg = Release|Any CPU
		{F098C225-7222-4CA6-8439-69D6A9536055}.Release|Any CPU.Build.0 = Release|Any CPU
		{9FABBC83-46CB-4A8A-A6D5-4361C1BEF5D7}.Debug|Any CPU.ActiveCfg = Debug|Any CPU
		{9FABBC83-46CB-4A8A-A6D5-4361C1BEF5D7}.Debug|Any CPU.Build.0 = Debug|Any CPU
		{9FABBC83-46CB-4A8A-A6D5-4361C1BEF5D7}.Release|Any CPU.ActiveCfg = Release|Any CPU
		{9FABBC83-46CB-4A8A-A6D5-4361C1BEF5D7}.Release|Any CPU.Build.0 = Release|Any CPU
		{D0878982-8B79-4039-B3EC-95296CF4FABE}.Debug|Any CPU.ActiveCfg = Debug|Any CPU
		{D0878982-8B79-4039-B3EC-95296CF4FABE}.Debug|Any CPU.Build.0 = Debug|Any CPU
		{D0878982-8B79-4039-B3EC-95296CF4FABE}.Release|Any CPU.ActiveCfg = Release|Any CPU
		{D0878982-8B79-4039-B3EC-95296CF4FABE}.Release|Any CPU.Build.0 = Release|Any CPU
		{769FEE0A-6471-492A-929A-477C5C842AAD}.Debug|Any CPU.ActiveCfg = Debug|Any CPU
		{769FEE0A-6471-492A-929A-477C5C842AAD}.Debug|Any CPU.Build.0 = Debug|Any CPU
		{769FEE0A-6471-492A-929A-477C5C842AAD}.Release|Any CPU.ActiveCfg = Release|Any CPU
		{769FEE0A-6471-492A-929A-477C5C842AAD}.Release|Any CPU.Build.0 = Release|Any CPU
		{AAD27201-71DD-4C6A-B46C-5C8E48FEF1AD}.Debug|Any CPU.ActiveCfg = Debug|Any CPU
		{AAD27201-71DD-4C6A-B46C-5C8E48FEF1AD}.Debug|Any CPU.Build.0 = Debug|Any CPU
		{AAD27201-71DD-4C6A-B46C-5C8E48FEF1AD}.Release|Any CPU.ActiveCfg = Release|Any CPU
		{AAD27201-71DD-4C6A-B46C-5C8E48FEF1AD}.Release|Any CPU.Build.0 = Release|Any CPU
		{1AE79FDB-7A72-4411-929A-D01C334C1A65}.Debug|Any CPU.ActiveCfg = Debug|Any CPU
		{1AE79FDB-7A72-4411-929A-D01C334C1A65}.Debug|Any CPU.Build.0 = Debug|Any CPU
		{1AE79FDB-7A72-4411-929A-D01C334C1A65}.Release|Any CPU.ActiveCfg = Release|Any CPU
		{1AE79FDB-7A72-4411-929A-D01C334C1A65}.Release|Any CPU.Build.0 = Release|Any CPU
		{9B392C86-2C75-482F-9809-C7F6C40BD47E}.Debug|Any CPU.ActiveCfg = Debug|Any CPU
		{9B392C86-2C75-482F-9809-C7F6C40BD47E}.Debug|Any CPU.Build.0 = Debug|Any CPU
		{9B392C86-2C75-482F-9809-C7F6C40BD47E}.Release|Any CPU.ActiveCfg = Release|Any CPU
		{9B392C86-2C75-482F-9809-C7F6C40BD47E}.Release|Any CPU.Build.0 = Release|Any CPU
		{8923419F-0880-45FB-A9A1-919265C8B2DF}.Debug|Any CPU.ActiveCfg = Debug|Any CPU
		{8923419F-0880-45FB-A9A1-919265C8B2DF}.Debug|Any CPU.Build.0 = Debug|Any CPU
		{8923419F-0880-45FB-A9A1-919265C8B2DF}.Release|Any CPU.ActiveCfg = Release|Any CPU
		{8923419F-0880-45FB-A9A1-919265C8B2DF}.Release|Any CPU.Build.0 = Release|Any CPU
		{DA6A2774-465B-43D8-AEBE-0BE87488739D}.Debug|Any CPU.ActiveCfg = Debug|Any CPU
		{DA6A2774-465B-43D8-AEBE-0BE87488739D}.Debug|Any CPU.Build.0 = Debug|Any CPU
		{DA6A2774-465B-43D8-AEBE-0BE87488739D}.Release|Any CPU.ActiveCfg = Release|Any CPU
		{DA6A2774-465B-43D8-AEBE-0BE87488739D}.Release|Any CPU.Build.0 = Release|Any CPU
	EndGlobalSection
	GlobalSection(SolutionProperties) = preSolution
		HideSolutionNode = FALSE
	EndGlobalSection
	GlobalSection(NestedProjects) = preSolution
		{9A750B99-5BD4-4846-A507-7EF6AC3A8B63} = {4AACC1AA-7C83-46DB-B996-CC008210BE04}
		{B58CA01F-F426-4150-9211-C0FA61FBFFEC} = {4AACC1AA-7C83-46DB-B996-CC008210BE04}
		{92C82BA4-FE0D-4B80-9897-6DB7F701FF9B} = {4AACC1AA-7C83-46DB-B996-CC008210BE04}
		{50388E33-5CE0-4C5A-8B10-C2D0EB049972} = {B58CA01F-F426-4150-9211-C0FA61FBFFEC}
		{2A83EE8E-93A1-4D95-BB7D-18CBEFF4DC36} = {B58CA01F-F426-4150-9211-C0FA61FBFFEC}
		{B9E638E8-2605-4370-BAC3-403BA3459DB4} = {92C82BA4-FE0D-4B80-9897-6DB7F701FF9B}
		{ACBCA14C-4BD9-4AC2-AD08-3B0BA7AA2591} = {92C82BA4-FE0D-4B80-9897-6DB7F701FF9B}
		{60BA7B7C-C424-47E9-98ED-DA25EE97FD8B} = {92C82BA4-FE0D-4B80-9897-6DB7F701FF9B}
		{7AC17FFD-2FB0-4B9B-82B0-33B5626BB386} = {92C82BA4-FE0D-4B80-9897-6DB7F701FF9B}
		{0073D0C0-929A-4D25-9656-988BDEBD7961} = {92C82BA4-FE0D-4B80-9897-6DB7F701FF9B}
		{CAA2C0F9-981F-40C5-AD31-72AEEC963953} = {92C82BA4-FE0D-4B80-9897-6DB7F701FF9B}
		{7EF2AC82-7FD8-4F13-B342-45F2B159DF66} = {4AACC1AA-7C83-46DB-B996-CC008210BE04}
		{6F9B86EB-2119-41FA-A0B6-1AA968495A8E} = {7EF2AC82-7FD8-4F13-B342-45F2B159DF66}
		{B2BCDA3C-7572-4C5B-8671-4C3FD00D30C6} = {60BA7B7C-C424-47E9-98ED-DA25EE97FD8B}
		{F098C225-7222-4CA6-8439-69D6A9536055} = {ACBCA14C-4BD9-4AC2-AD08-3B0BA7AA2591}
		{9FABBC83-46CB-4A8A-A6D5-4361C1BEF5D7} = {0073D0C0-929A-4D25-9656-988BDEBD7961}
		{D0878982-8B79-4039-B3EC-95296CF4FABE} = {7AC17FFD-2FB0-4B9B-82B0-33B5626BB386}
		{769FEE0A-6471-492A-929A-477C5C842AAD} = {B9E638E8-2605-4370-BAC3-403BA3459DB4}
		{AAD27201-71DD-4C6A-B46C-5C8E48FEF1AD} = {B58CA01F-F426-4150-9211-C0FA61FBFFEC}
		{1AE79FDB-7A72-4411-929A-D01C334C1A65} = {B58CA01F-F426-4150-9211-C0FA61FBFFEC}
		{9B392C86-2C75-482F-9809-C7F6C40BD47E} = {CAA2C0F9-981F-40C5-AD31-72AEEC963953}
		{8923419F-0880-45FB-A9A1-919265C8B2DF} = {B58CA01F-F426-4150-9211-C0FA61FBFFEC}
		{DA6A2774-465B-43D8-AEBE-0BE87488739D} = {9A750B99-5BD4-4846-A507-7EF6AC3A8B63}
	EndGlobalSection
	GlobalSection(ExtensibilityGlobals) = postSolution
		SolutionGuid = {57CD3756-7A2B-4B36-A14D-8BE4C2C47263}
	EndGlobalSection
EndGlobal
