
Microsoft Visual Studio Solution File, Format Version 12.00
# Visual Studio 15
VisualStudioVersion = 15.0.27428.2043
MinimumVisualStudioVersion = 10.0.40219.1
Project("{FAE04EC0-301F-11D3-BF4B-00C04F79EFBC}") = "WebAPI", "WebAPI\WebAPI.csproj", "{5065F65D-09B2-4DD5-8D63-04AD6BC4A39F}"
EndProject
Project("{FAE04EC0-301F-11D3-BF4B-00C04F79EFBC}") = "Api.Data", "Api.Data\Api.Data.csproj", "{32827D9E-F849-4A28-917A-A3D89F63103F}"
EndProject
Global
	GlobalSection(SolutionConfigurationPlatforms) = preSolution
		Debug|Any CPU = Debug|Any CPU
		Release|Any CPU = Release|Any CPU
	EndGlobalSection
	GlobalSection(ProjectConfigurationPlatforms) = postSolution
		{5065F65D-09B2-4DD5-8D63-04AD6BC4A39F}.Debug|Any CPU.ActiveCfg = Debug|Any CPU
		{5065F65D-09B2-4DD5-8D63-04AD6BC4A39F}.Debug|Any CPU.Build.0 = Debug|Any CPU
		{5065F65D-09B2-4DD5-8D63-04AD6BC4A39F}.Release|Any CPU.ActiveCfg = Release|Any CPU
		{5065F65D-09B2-4DD5-8D63-04AD6BC4A39F}.Release|Any CPU.Build.0 = Release|Any CPU
		{32827D9E-F849-4A28-917A-A3D89F63103F}.Debug|Any CPU.ActiveCfg = Debug|Any CPU
		{32827D9E-F849-4A28-917A-A3D89F63103F}.Debug|Any CPU.Build.0 = Debug|Any CPU
		{32827D9E-F849-4A28-917A-A3D89F63103F}.Release|Any CPU.ActiveCfg = Release|Any CPU
		{32827D9E-F849-4A28-917A-A3D89F63103F}.Release|Any CPU.Build.0 = Release|Any CPU
	EndGlobalSection
	GlobalSection(SolutionProperties) = preSolution
		HideSolutionNode = FALSE
	EndGlobalSection
	GlobalSection(ExtensibilityGlobals) = postSolution
		SolutionGuid = {129FCA87-C54E-479F-857B-D19590210678}
	EndGlobalSection
EndGlobal
