
Microsoft Visual Studio Solution File, Format Version 12.00
# Visual Studio 15
VisualStudioVersion = 15.0.27130.2010
MinimumVisualStudioVersion = 10.0.40219.1
Project("{2150E333-8FDC-42A3-9474-1A3956D46DE8}") = "7 - xUnitTest", "7 - xUnitTest", "{4EE5CE12-C176-4C02-85B5-96CA05B681C9}"
EndProject
Project("{2150E333-8FDC-42A3-9474-1A3956D46DE8}") = "5 - Domain Data", "5 - Domain Data", "{EDA993D3-1B57-4B3E-B409-F11C45F9C70C}"
EndProject
Project("{2150E333-8FDC-42A3-9474-1A3956D46DE8}") = "1 - UI Application", "1 - UI Application", "{2071F8EC-112D-4BBA-9AEF-AD931AA59116}"
EndProject
Project("{9A19103F-16F7-4668-BE54-9A1E7A4F7556}") = "VSDGateway", "VSD\VSDGateway\VSDGateway.csproj", "{3EE40EAC-0B48-498B-8049-524EBC61BA53}"
EndProject
Project("{9A19103F-16F7-4668-BE54-9A1E7A4F7556}") = "CS.FixParser", "Common\CS.FixParser\CS.FixParser.csproj", "{602E90D5-FCC5-4D7D-8F99-CF8408F589B8}"
EndProject
Project("{9A19103F-16F7-4668-BE54-9A1E7A4F7556}") = "CS.SwiftParser", "Common\CS.SwiftParser\CS.SwiftParser.csproj", "{7728817B-9A8D-43B8-ACB3-2B1219B75004}"
EndProject
Project("{9A19103F-16F7-4668-BE54-9A1E7A4F7556}") = "xUnit.CS.SwiftParser", "Common\xUnit.CS.SwiftParser\xUnit.CS.SwiftParser.csproj", "{0F2C0887-08F4-40C3-9DF8-BF04BE58362E}"
EndProject
Project("{9A19103F-16F7-4668-BE54-9A1E7A4F7556}") = "CS.Common", "Common\CS.Common\CS.Common.csproj", "{2B279EC7-FCD0-42A3-AC2A-718B77DD98FA}"
EndProject
Project("{9A19103F-16F7-4668-BE54-9A1E7A4F7556}") = "xUnit.CSCommon", "Common\xUnit.CSCommon\xUnit.CSCommon.csproj", "{43B0645A-A123-4F46-A294-73C796DA8763}"
EndProject
Project("{FAE04EC0-301F-11D3-BF4B-00C04F79EFBC}") = "CS.Application", "GUI\CS.Application\CS.Application.csproj", "{1B2D2806-4EA4-4BC8-B4CE-8849D91C63EC}"
EndProject
Project("{9A19103F-16F7-4668-BE54-9A1E7A4F7556}") = "CS.VSD.Service", "VSD\CS.VSD.Service\CS.VSD.Service.csproj", "{6F4B5258-10ED-4BD2-8A80-767986038B7A}"
EndProject
Project("{9A19103F-16F7-4668-BE54-9A1E7A4F7556}") = "xUnit.CS.VSD.Service", "VSD\xUnit.CS.VSD.Service\xUnit.CS.VSD.Service.csproj", "{69EAE8FB-E499-464A-9BF6-5F20BFFC0D2B}"
EndProject
Project("{9A19103F-16F7-4668-BE54-9A1E7A4F7556}") = "CS.Domain.Data", "Core\CS.Core.Data\CS.Domain.Data.csproj", "{977F154B-6060-4A1F-BF73-DD4EEE6FC952}"
EndProject
Project("{FAE04EC0-301F-11D3-BF4B-00C04F79EFBC}") = "CS.UI.Controls", "GUI\CS.UI.Controls\CS.UI.Controls.csproj", "{D3956363-D30C-47CB-B997-7F3734B8369F}"
EndProject
Project("{9A19103F-16F7-4668-BE54-9A1E7A4F7556}") = "XUnit.CS.CoreApi", "Core\XUnit.CS.CoreApi\XUnit.CS.CoreApi.csproj", "{659F7495-BF57-407C-B8A6-B9E2CB14CC67}"
EndProject
Project("{9A19103F-16F7-4668-BE54-9A1E7A4F7556}") = "XUnit.CS.Domain.Data", "Core\XUnit.CS.Core.Data\XUnit.CS.Domain.Data.csproj", "{7EE7474C-84C0-4674-AD61-8DBD018B8B7F}"
EndProject
Project("{9A19103F-16F7-4668-BE54-9A1E7A4F7556}") = "CS.CoreApi", "Core\CS.CoreApi\CS.CoreApi.csproj", "{B345EC31-2EB9-4A9B-8177-5387AE9F340F}"
EndProject
Project("{2150E333-8FDC-42A3-9474-1A3956D46DE8}") = "3 - Core Services", "3 - Core Services", "{771B74EE-D50E-44B1-971C-E0FB4E4B99B7}"
EndProject
Project("{2150E333-8FDC-42A3-9474-1A3956D46DE8}") = "4 - Common Services", "4 - Common Services", "{FB0E6548-27F1-44D5-AD17-81C1EBEF1131}"
EndProject
Project("{9A19103F-16F7-4668-BE54-9A1E7A4F7556}") = "CS.Core.Service", "Core\CS.Core.Service\CS.Core.Service.csproj", "{5287D713-2C66-43D2-BDFC-2C73E7C69BA9}"
EndProject
Project("{FAE04EC0-301F-11D3-BF4B-00C04F79EFBC}") = "CS.UI.Common", "GUI\CS.UI.Common\CS.UI.Common.csproj", "{90327856-D886-40EB-938F-E5A8D636488C}"
EndProject
Project("{2150E333-8FDC-42A3-9474-1A3956D46DE8}") = "2 - Console Application", "2 - Console Application", "{A89804AE-62C7-42DB-B59D-A10E497CC649}"
EndProject
Project("{2150E333-8FDC-42A3-9474-1A3956D46DE8}") = "6 - Shared Projects", "6 - Shared Projects", "{D03F9A31-652E-4806-A292-F505B8565920}"
EndProject
Project("{9A19103F-16F7-4668-BE54-9A1E7A4F7556}") = "CS.Domain.Identity", "Core\Cs.Domain.Identity\CS.Domain.Identity.csproj", "{51C38D53-3AAD-404E-BB00-1572979D7F4B}"
EndProject
Project("{9A19103F-16F7-4668-BE54-9A1E7A4F7556}") = "CS.Domain.Audit", "Core\CS.Domain.Audit\CS.Domain.Audit.csproj", "{C469638E-8350-4F65-ADEC-7DD68F5E9081}"
EndProject
Project("{9A19103F-16F7-4668-BE54-9A1E7A4F7556}") = "CS.Common.Std", "Common\CS.Common.Std\CS.Common.Std.csproj", "{6FCDF381-F158-46CF-AA3C-05C132A6E06A}"
EndProject
Project("{9A19103F-16F7-4668-BE54-9A1E7A4F7556}") = "CS.Common.Contract", "Common\CS.Common.Contract\CS.Common.Contract.csproj", "{CA579CC7-879C-4A56-A199-6C388091D26C}"
EndProject
Global
	GlobalSection(SolutionConfigurationPlatforms) = preSolution
		Debug|Any CPU = Debug|Any CPU
		Debug|x86 = Debug|x86
		Release|Any CPU = Release|Any CPU
		Release|x86 = Release|x86
	EndGlobalSection
	GlobalSection(ProjectConfigurationPlatforms) = postSolution
		{3EE40EAC-0B48-498B-8049-524EBC61BA53}.Debug|Any CPU.ActiveCfg = Debug|Any CPU
		{3EE40EAC-0B48-498B-8049-524EBC61BA53}.Debug|Any CPU.Build.0 = Debug|Any CPU
		{3EE40EAC-0B48-498B-8049-524EBC61BA53}.Debug|x86.ActiveCfg = Debug|Any CPU
		{3EE40EAC-0B48-498B-8049-524EBC61BA53}.Debug|x86.Build.0 = Debug|Any CPU
		{3EE40EAC-0B48-498B-8049-524EBC61BA53}.Release|Any CPU.ActiveCfg = Release|Any CPU
		{3EE40EAC-0B48-498B-8049-524EBC61BA53}.Release|Any CPU.Build.0 = Release|Any CPU
		{3EE40EAC-0B48-498B-8049-524EBC61BA53}.Release|x86.ActiveCfg = Release|Any CPU
		{3EE40EAC-0B48-498B-8049-524EBC61BA53}.Release|x86.Build.0 = Release|Any CPU
		{602E90D5-FCC5-4D7D-8F99-CF8408F589B8}.Debug|Any CPU.ActiveCfg = Debug|Any CPU
		{602E90D5-FCC5-4D7D-8F99-CF8408F589B8}.Debug|Any CPU.Build.0 = Debug|Any CPU
		{602E90D5-FCC5-4D7D-8F99-CF8408F589B8}.Debug|x86.ActiveCfg = Debug|Any CPU
		{602E90D5-FCC5-4D7D-8F99-CF8408F589B8}.Debug|x86.Build.0 = Debug|Any CPU
		{602E90D5-FCC5-4D7D-8F99-CF8408F589B8}.Release|Any CPU.ActiveCfg = Release|Any CPU
		{602E90D5-FCC5-4D7D-8F99-CF8408F589B8}.Release|Any CPU.Build.0 = Release|Any CPU
		{602E90D5-FCC5-4D7D-8F99-CF8408F589B8}.Release|x86.ActiveCfg = Release|Any CPU
		{602E90D5-FCC5-4D7D-8F99-CF8408F589B8}.Release|x86.Build.0 = Release|Any CPU
		{7728817B-9A8D-43B8-ACB3-2B1219B75004}.Debug|Any CPU.ActiveCfg = Debug|Any CPU
		{7728817B-9A8D-43B8-ACB3-2B1219B75004}.Debug|Any CPU.Build.0 = Debug|Any CPU
		{7728817B-9A8D-43B8-ACB3-2B1219B75004}.Debug|x86.ActiveCfg = Debug|Any CPU
		{7728817B-9A8D-43B8-ACB3-2B1219B75004}.Debug|x86.Build.0 = Debug|Any CPU
		{7728817B-9A8D-43B8-ACB3-2B1219B75004}.Release|Any CPU.ActiveCfg = Release|Any CPU
		{7728817B-9A8D-43B8-ACB3-2B1219B75004}.Release|Any CPU.Build.0 = Release|Any CPU
		{7728817B-9A8D-43B8-ACB3-2B1219B75004}.Release|x86.ActiveCfg = Release|Any CPU
		{7728817B-9A8D-43B8-ACB3-2B1219B75004}.Release|x86.Build.0 = Release|Any CPU
		{0F2C0887-08F4-40C3-9DF8-BF04BE58362E}.Debug|Any CPU.ActiveCfg = Debug|Any CPU
		{0F2C0887-08F4-40C3-9DF8-BF04BE58362E}.Debug|Any CPU.Build.0 = Debug|Any CPU
		{0F2C0887-08F4-40C3-9DF8-BF04BE58362E}.Debug|x86.ActiveCfg = Debug|Any CPU
		{0F2C0887-08F4-40C3-9DF8-BF04BE58362E}.Debug|x86.Build.0 = Debug|Any CPU
		{0F2C0887-08F4-40C3-9DF8-BF04BE58362E}.Release|Any CPU.ActiveCfg = Release|Any CPU
		{0F2C0887-08F4-40C3-9DF8-BF04BE58362E}.Release|Any CPU.Build.0 = Release|Any CPU
		{0F2C0887-08F4-40C3-9DF8-BF04BE58362E}.Release|x86.ActiveCfg = Release|Any CPU
		{0F2C0887-08F4-40C3-9DF8-BF04BE58362E}.Release|x86.Build.0 = Release|Any CPU
		{2B279EC7-FCD0-42A3-AC2A-718B77DD98FA}.Debug|Any CPU.ActiveCfg = Debug|Any CPU
		{2B279EC7-FCD0-42A3-AC2A-718B77DD98FA}.Debug|Any CPU.Build.0 = Debug|Any CPU
		{2B279EC7-FCD0-42A3-AC2A-718B77DD98FA}.Debug|x86.ActiveCfg = Debug|Any CPU
		{2B279EC7-FCD0-42A3-AC2A-718B77DD98FA}.Debug|x86.Build.0 = Debug|Any CPU
		{2B279EC7-FCD0-42A3-AC2A-718B77DD98FA}.Release|Any CPU.ActiveCfg = Release|Any CPU
		{2B279EC7-FCD0-42A3-AC2A-718B77DD98FA}.Release|Any CPU.Build.0 = Release|Any CPU
		{2B279EC7-FCD0-42A3-AC2A-718B77DD98FA}.Release|x86.ActiveCfg = Release|Any CPU
		{2B279EC7-FCD0-42A3-AC2A-718B77DD98FA}.Release|x86.Build.0 = Release|Any CPU
		{43B0645A-A123-4F46-A294-73C796DA8763}.Debug|Any CPU.ActiveCfg = Debug|Any CPU
		{43B0645A-A123-4F46-A294-73C796DA8763}.Debug|Any CPU.Build.0 = Debug|Any CPU
		{43B0645A-A123-4F46-A294-73C796DA8763}.Debug|x86.ActiveCfg = Debug|Any CPU
		{43B0645A-A123-4F46-A294-73C796DA8763}.Debug|x86.Build.0 = Debug|Any CPU
		{43B0645A-A123-4F46-A294-73C796DA8763}.Release|Any CPU.ActiveCfg = Release|Any CPU
		{43B0645A-A123-4F46-A294-73C796DA8763}.Release|Any CPU.Build.0 = Release|Any CPU
		{43B0645A-A123-4F46-A294-73C796DA8763}.Release|x86.ActiveCfg = Release|Any CPU
		{43B0645A-A123-4F46-A294-73C796DA8763}.Release|x86.Build.0 = Release|Any CPU
		{1B2D2806-4EA4-4BC8-B4CE-8849D91C63EC}.Debug|Any CPU.ActiveCfg = Debug|Any CPU
		{1B2D2806-4EA4-4BC8-B4CE-8849D91C63EC}.Debug|Any CPU.Build.0 = Debug|Any CPU
		{1B2D2806-4EA4-4BC8-B4CE-8849D91C63EC}.Debug|x86.ActiveCfg = Debug|Any CPU
		{1B2D2806-4EA4-4BC8-B4CE-8849D91C63EC}.Debug|x86.Build.0 = Debug|Any CPU
		{1B2D2806-4EA4-4BC8-B4CE-8849D91C63EC}.Release|Any CPU.ActiveCfg = Release|Any CPU
		{1B2D2806-4EA4-4BC8-B4CE-8849D91C63EC}.Release|Any CPU.Build.0 = Release|Any CPU
		{1B2D2806-4EA4-4BC8-B4CE-8849D91C63EC}.Release|x86.ActiveCfg = Release|Any CPU
		{1B2D2806-4EA4-4BC8-B4CE-8849D91C63EC}.Release|x86.Build.0 = Release|Any CPU
		{6F4B5258-10ED-4BD2-8A80-767986038B7A}.Debug|Any CPU.ActiveCfg = Debug|Any CPU
		{6F4B5258-10ED-4BD2-8A80-767986038B7A}.Debug|Any CPU.Build.0 = Debug|Any CPU
		{6F4B5258-10ED-4BD2-8A80-767986038B7A}.Debug|x86.ActiveCfg = Debug|Any CPU
		{6F4B5258-10ED-4BD2-8A80-767986038B7A}.Debug|x86.Build.0 = Debug|Any CPU
		{6F4B5258-10ED-4BD2-8A80-767986038B7A}.Release|Any CPU.ActiveCfg = Release|Any CPU
		{6F4B5258-10ED-4BD2-8A80-767986038B7A}.Release|Any CPU.Build.0 = Release|Any CPU
		{6F4B5258-10ED-4BD2-8A80-767986038B7A}.Release|x86.ActiveCfg = Release|Any CPU
		{6F4B5258-10ED-4BD2-8A80-767986038B7A}.Release|x86.Build.0 = Release|Any CPU
		{69EAE8FB-E499-464A-9BF6-5F20BFFC0D2B}.Debug|Any CPU.ActiveCfg = Debug|Any CPU
		{69EAE8FB-E499-464A-9BF6-5F20BFFC0D2B}.Debug|Any CPU.Build.0 = Debug|Any CPU
		{69EAE8FB-E499-464A-9BF6-5F20BFFC0D2B}.Debug|x86.ActiveCfg = Debug|Any CPU
		{69EAE8FB-E499-464A-9BF6-5F20BFFC0D2B}.Debug|x86.Build.0 = Debug|Any CPU
		{69EAE8FB-E499-464A-9BF6-5F20BFFC0D2B}.Release|Any CPU.ActiveCfg = Release|Any CPU
		{69EAE8FB-E499-464A-9BF6-5F20BFFC0D2B}.Release|Any CPU.Build.0 = Release|Any CPU
		{69EAE8FB-E499-464A-9BF6-5F20BFFC0D2B}.Release|x86.ActiveCfg = Release|Any CPU
		{69EAE8FB-E499-464A-9BF6-5F20BFFC0D2B}.Release|x86.Build.0 = Release|Any CPU
		{977F154B-6060-4A1F-BF73-DD4EEE6FC952}.Debug|Any CPU.ActiveCfg = Debug|Any CPU
		{977F154B-6060-4A1F-BF73-DD4EEE6FC952}.Debug|Any CPU.Build.0 = Debug|Any CPU
		{977F154B-6060-4A1F-BF73-DD4EEE6FC952}.Debug|x86.ActiveCfg = Debug|Any CPU
		{977F154B-6060-4A1F-BF73-DD4EEE6FC952}.Debug|x86.Build.0 = Debug|Any CPU
		{977F154B-6060-4A1F-BF73-DD4EEE6FC952}.Release|Any CPU.ActiveCfg = Release|Any CPU
		{977F154B-6060-4A1F-BF73-DD4EEE6FC952}.Release|Any CPU.Build.0 = Release|Any CPU
		{977F154B-6060-4A1F-BF73-DD4EEE6FC952}.Release|x86.ActiveCfg = Release|Any CPU
		{977F154B-6060-4A1F-BF73-DD4EEE6FC952}.Release|x86.Build.0 = Release|Any CPU
		{D3956363-D30C-47CB-B997-7F3734B8369F}.Debug|Any CPU.ActiveCfg = Debug|Any CPU
		{D3956363-D30C-47CB-B997-7F3734B8369F}.Debug|Any CPU.Build.0 = Debug|Any CPU
		{D3956363-D30C-47CB-B997-7F3734B8369F}.Debug|x86.ActiveCfg = Debug|Any CPU
		{D3956363-D30C-47CB-B997-7F3734B8369F}.Debug|x86.Build.0 = Debug|Any CPU
		{D3956363-D30C-47CB-B997-7F3734B8369F}.Release|Any CPU.ActiveCfg = Release|Any CPU
		{D3956363-D30C-47CB-B997-7F3734B8369F}.Release|Any CPU.Build.0 = Release|Any CPU
		{D3956363-D30C-47CB-B997-7F3734B8369F}.Release|x86.ActiveCfg = Release|Any CPU
		{D3956363-D30C-47CB-B997-7F3734B8369F}.Release|x86.Build.0 = Release|Any CPU
		{659F7495-BF57-407C-B8A6-B9E2CB14CC67}.Debug|Any CPU.ActiveCfg = Debug|Any CPU
		{659F7495-BF57-407C-B8A6-B9E2CB14CC67}.Debug|Any CPU.Build.0 = Debug|Any CPU
		{659F7495-BF57-407C-B8A6-B9E2CB14CC67}.Debug|x86.ActiveCfg = Debug|Any CPU
		{659F7495-BF57-407C-B8A6-B9E2CB14CC67}.Debug|x86.Build.0 = Debug|Any CPU
		{659F7495-BF57-407C-B8A6-B9E2CB14CC67}.Release|Any CPU.ActiveCfg = Release|Any CPU
		{659F7495-BF57-407C-B8A6-B9E2CB14CC67}.Release|Any CPU.Build.0 = Release|Any CPU
		{659F7495-BF57-407C-B8A6-B9E2CB14CC67}.Release|x86.ActiveCfg = Release|Any CPU
		{659F7495-BF57-407C-B8A6-B9E2CB14CC67}.Release|x86.Build.0 = Release|Any CPU
		{7EE7474C-84C0-4674-AD61-8DBD018B8B7F}.Debug|Any CPU.ActiveCfg = Debug|Any CPU
		{7EE7474C-84C0-4674-AD61-8DBD018B8B7F}.Debug|Any CPU.Build.0 = Debug|Any CPU
		{7EE7474C-84C0-4674-AD61-8DBD018B8B7F}.Debug|x86.ActiveCfg = Debug|Any CPU
		{7EE7474C-84C0-4674-AD61-8DBD018B8B7F}.Debug|x86.Build.0 = Debug|Any CPU
		{7EE7474C-84C0-4674-AD61-8DBD018B8B7F}.Release|Any CPU.ActiveCfg = Release|Any CPU
		{7EE7474C-84C0-4674-AD61-8DBD018B8B7F}.Release|Any CPU.Build.0 = Release|Any CPU
		{7EE7474C-84C0-4674-AD61-8DBD018B8B7F}.Release|x86.ActiveCfg = Release|Any CPU
		{7EE7474C-84C0-4674-AD61-8DBD018B8B7F}.Release|x86.Build.0 = Release|Any CPU
		{B345EC31-2EB9-4A9B-8177-5387AE9F340F}.Debug|Any CPU.ActiveCfg = Debug|Any CPU
		{B345EC31-2EB9-4A9B-8177-5387AE9F340F}.Debug|Any CPU.Build.0 = Debug|Any CPU
		{B345EC31-2EB9-4A9B-8177-5387AE9F340F}.Debug|x86.ActiveCfg = Debug|Any CPU
		{B345EC31-2EB9-4A9B-8177-5387AE9F340F}.Debug|x86.Build.0 = Debug|Any CPU
		{B345EC31-2EB9-4A9B-8177-5387AE9F340F}.Release|Any CPU.ActiveCfg = Release|Any CPU
		{B345EC31-2EB9-4A9B-8177-5387AE9F340F}.Release|Any CPU.Build.0 = Release|Any CPU
		{B345EC31-2EB9-4A9B-8177-5387AE9F340F}.Release|x86.ActiveCfg = Release|Any CPU
		{B345EC31-2EB9-4A9B-8177-5387AE9F340F}.Release|x86.Build.0 = Release|Any CPU
		{5287D713-2C66-43D2-BDFC-2C73E7C69BA9}.Debug|Any CPU.ActiveCfg = Debug|Any CPU
		{5287D713-2C66-43D2-BDFC-2C73E7C69BA9}.Debug|Any CPU.Build.0 = Debug|Any CPU
		{5287D713-2C66-43D2-BDFC-2C73E7C69BA9}.Debug|x86.ActiveCfg = Debug|Any CPU
		{5287D713-2C66-43D2-BDFC-2C73E7C69BA9}.Debug|x86.Build.0 = Debug|Any CPU
		{5287D713-2C66-43D2-BDFC-2C73E7C69BA9}.Release|Any CPU.ActiveCfg = Release|Any CPU
		{5287D713-2C66-43D2-BDFC-2C73E7C69BA9}.Release|Any CPU.Build.0 = Release|Any CPU
		{5287D713-2C66-43D2-BDFC-2C73E7C69BA9}.Release|x86.ActiveCfg = Release|Any CPU
		{5287D713-2C66-43D2-BDFC-2C73E7C69BA9}.Release|x86.Build.0 = Release|Any CPU
		{90327856-D886-40EB-938F-E5A8D636488C}.Debug|Any CPU.ActiveCfg = Debug|Any CPU
		{90327856-D886-40EB-938F-E5A8D636488C}.Debug|Any CPU.Build.0 = Debug|Any CPU
		{90327856-D886-40EB-938F-E5A8D636488C}.Debug|x86.ActiveCfg = Debug|Any CPU
		{90327856-D886-40EB-938F-E5A8D636488C}.Debug|x86.Build.0 = Debug|Any CPU
		{90327856-D886-40EB-938F-E5A8D636488C}.Release|Any CPU.ActiveCfg = Release|Any CPU
		{90327856-D886-40EB-938F-E5A8D636488C}.Release|Any CPU.Build.0 = Release|Any CPU
		{90327856-D886-40EB-938F-E5A8D636488C}.Release|x86.ActiveCfg = Release|Any CPU
		{90327856-D886-40EB-938F-E5A8D636488C}.Release|x86.Build.0 = Release|Any CPU
		{51C38D53-3AAD-404E-BB00-1572979D7F4B}.Debug|Any CPU.ActiveCfg = Debug|Any CPU
		{51C38D53-3AAD-404E-BB00-1572979D7F4B}.Debug|Any CPU.Build.0 = Debug|Any CPU
		{51C38D53-3AAD-404E-BB00-1572979D7F4B}.Debug|x86.ActiveCfg = Debug|Any CPU
		{51C38D53-3AAD-404E-BB00-1572979D7F4B}.Debug|x86.Build.0 = Debug|Any CPU
		{51C38D53-3AAD-404E-BB00-1572979D7F4B}.Release|Any CPU.ActiveCfg = Release|Any CPU
		{51C38D53-3AAD-404E-BB00-1572979D7F4B}.Release|Any CPU.Build.0 = Release|Any CPU
		{51C38D53-3AAD-404E-BB00-1572979D7F4B}.Release|x86.ActiveCfg = Release|Any CPU
		{51C38D53-3AAD-404E-BB00-1572979D7F4B}.Release|x86.Build.0 = Release|Any CPU
		{C469638E-8350-4F65-ADEC-7DD68F5E9081}.Debug|Any CPU.ActiveCfg = Debug|Any CPU
		{C469638E-8350-4F65-ADEC-7DD68F5E9081}.Debug|Any CPU.Build.0 = Debug|Any CPU
		{C469638E-8350-4F65-ADEC-7DD68F5E9081}.Debug|x86.ActiveCfg = Debug|Any CPU
		{C469638E-8350-4F65-ADEC-7DD68F5E9081}.Debug|x86.Build.0 = Debug|Any CPU
		{C469638E-8350-4F65-ADEC-7DD68F5E9081}.Release|Any CPU.ActiveCfg = Release|Any CPU
		{C469638E-8350-4F65-ADEC-7DD68F5E9081}.Release|Any CPU.Build.0 = Release|Any CPU
		{C469638E-8350-4F65-ADEC-7DD68F5E9081}.Release|x86.ActiveCfg = Release|Any CPU
		{C469638E-8350-4F65-ADEC-7DD68F5E9081}.Release|x86.Build.0 = Release|Any CPU
		{6FCDF381-F158-46CF-AA3C-05C132A6E06A}.Debug|Any CPU.ActiveCfg = Debug|Any CPU
		{6FCDF381-F158-46CF-AA3C-05C132A6E06A}.Debug|Any CPU.Build.0 = Debug|Any CPU
		{6FCDF381-F158-46CF-AA3C-05C132A6E06A}.Debug|x86.ActiveCfg = Debug|Any CPU
		{6FCDF381-F158-46CF-AA3C-05C132A6E06A}.Debug|x86.Build.0 = Debug|Any CPU
		{6FCDF381-F158-46CF-AA3C-05C132A6E06A}.Release|Any CPU.ActiveCfg = Release|Any CPU
		{6FCDF381-F158-46CF-AA3C-05C132A6E06A}.Release|Any CPU.Build.0 = Release|Any CPU
		{6FCDF381-F158-46CF-AA3C-05C132A6E06A}.Release|x86.ActiveCfg = Release|Any CPU
		{6FCDF381-F158-46CF-AA3C-05C132A6E06A}.Release|x86.Build.0 = Release|Any CPU
		{CA579CC7-879C-4A56-A199-6C388091D26C}.Debug|Any CPU.ActiveCfg = Debug|Any CPU
		{CA579CC7-879C-4A56-A199-6C388091D26C}.Debug|Any CPU.Build.0 = Debug|Any CPU
		{CA579CC7-879C-4A56-A199-6C388091D26C}.Debug|x86.ActiveCfg = Debug|Any CPU
		{CA579CC7-879C-4A56-A199-6C388091D26C}.Debug|x86.Build.0 = Debug|Any CPU
		{CA579CC7-879C-4A56-A199-6C388091D26C}.Release|Any CPU.ActiveCfg = Release|Any CPU
		{CA579CC7-879C-4A56-A199-6C388091D26C}.Release|Any CPU.Build.0 = Release|Any CPU
		{CA579CC7-879C-4A56-A199-6C388091D26C}.Release|x86.ActiveCfg = Release|Any CPU
		{CA579CC7-879C-4A56-A199-6C388091D26C}.Release|x86.Build.0 = Release|Any CPU
	EndGlobalSection
	GlobalSection(SolutionProperties) = preSolution
		HideSolutionNode = FALSE
	EndGlobalSection
	GlobalSection(NestedProjects) = preSolution
		{3EE40EAC-0B48-498B-8049-524EBC61BA53} = {A89804AE-62C7-42DB-B59D-A10E497CC649}
		{602E90D5-FCC5-4D7D-8F99-CF8408F589B8} = {FB0E6548-27F1-44D5-AD17-81C1EBEF1131}
		{7728817B-9A8D-43B8-ACB3-2B1219B75004} = {FB0E6548-27F1-44D5-AD17-81C1EBEF1131}
		{0F2C0887-08F4-40C3-9DF8-BF04BE58362E} = {4EE5CE12-C176-4C02-85B5-96CA05B681C9}
		{2B279EC7-FCD0-42A3-AC2A-718B77DD98FA} = {FB0E6548-27F1-44D5-AD17-81C1EBEF1131}
		{43B0645A-A123-4F46-A294-73C796DA8763} = {4EE5CE12-C176-4C02-85B5-96CA05B681C9}
		{1B2D2806-4EA4-4BC8-B4CE-8849D91C63EC} = {2071F8EC-112D-4BBA-9AEF-AD931AA59116}
		{6F4B5258-10ED-4BD2-8A80-767986038B7A} = {771B74EE-D50E-44B1-971C-E0FB4E4B99B7}
		{69EAE8FB-E499-464A-9BF6-5F20BFFC0D2B} = {4EE5CE12-C176-4C02-85B5-96CA05B681C9}
		{977F154B-6060-4A1F-BF73-DD4EEE6FC952} = {EDA993D3-1B57-4B3E-B409-F11C45F9C70C}
		{D3956363-D30C-47CB-B997-7F3734B8369F} = {2071F8EC-112D-4BBA-9AEF-AD931AA59116}
		{659F7495-BF57-407C-B8A6-B9E2CB14CC67} = {4EE5CE12-C176-4C02-85B5-96CA05B681C9}
		{7EE7474C-84C0-4674-AD61-8DBD018B8B7F} = {4EE5CE12-C176-4C02-85B5-96CA05B681C9}
		{B345EC31-2EB9-4A9B-8177-5387AE9F340F} = {A89804AE-62C7-42DB-B59D-A10E497CC649}
		{5287D713-2C66-43D2-BDFC-2C73E7C69BA9} = {771B74EE-D50E-44B1-971C-E0FB4E4B99B7}
		{90327856-D886-40EB-938F-E5A8D636488C} = {2071F8EC-112D-4BBA-9AEF-AD931AA59116}
		{51C38D53-3AAD-404E-BB00-1572979D7F4B} = {EDA993D3-1B57-4B3E-B409-F11C45F9C70C}
		{C469638E-8350-4F65-ADEC-7DD68F5E9081} = {EDA993D3-1B57-4B3E-B409-F11C45F9C70C}
		{6FCDF381-F158-46CF-AA3C-05C132A6E06A} = {D03F9A31-652E-4806-A292-F505B8565920}
		{CA579CC7-879C-4A56-A199-6C388091D26C} = {D03F9A31-652E-4806-A292-F505B8565920}
	EndGlobalSection
	GlobalSection(ExtensibilityGlobals) = postSolution
		SolutionGuid = {05A9793B-7247-46B2-B870-53113D29306B}
	EndGlobalSection
EndGlobal
