
Microsoft Visual Studio Solution File, Format Version 12.00
# Visual Studio 2013
VisualStudioVersion = 12.0.31101.0
MinimumVisualStudioVersion = 10.0.40219.1
Project("{8BC9CEB8-8B4A-11D0-8D11-00A0C91BC942}") = "BroadcastHandler", "BroadcastHandler\BroadcastHandler.vcxproj", "{92981791-9D6F-410D-95F7-89E9859C0300}"
EndProject
Project("{8BC9CEB8-8B4A-11D0-8D11-00A0C91BC942}") = "BrokerCommunication", "BrokerCommunication\BrokerCommunication.vcxproj", "{4FEA2EA9-62D9-4D97-9077-0298A2A228C1}"
EndProject
Global
	GlobalSection(SolutionConfigurationPlatforms) = preSolution
		Debug|Win32 = Debug|Win32
		Release|Win32 = Release|Win32
	EndGlobalSection
	GlobalSection(ProjectConfigurationPlatforms) = postSolution
		{92981791-9D6F-410D-95F7-89E9859C0300}.Debug|Win32.ActiveCfg = Debug|Win32
		{92981791-9D6F-410D-95F7-89E9859C0300}.Debug|Win32.Build.0 = Debug|Win32
		{92981791-9D6F-410D-95F7-89E9859C0300}.Release|Win32.ActiveCfg = Release|Win32
		{92981791-9D6F-410D-95F7-89E9859C0300}.Release|Win32.Build.0 = Release|Win32
		{4FEA2EA9-62D9-4D97-9077-0298A2A228C1}.Debug|Win32.ActiveCfg = Debug|Win32
		{4FEA2EA9-62D9-4D97-9077-0298A2A228C1}.Debug|Win32.Build.0 = Debug|Win32
		{4FEA2EA9-62D9-4D97-9077-0298A2A228C1}.Release|Win32.ActiveCfg = Release|Win32
		{4FEA2EA9-62D9-4D97-9077-0298A2A228C1}.Release|Win32.Build.0 = Release|Win32
	EndGlobalSection
	GlobalSection(SolutionProperties) = preSolution
		HideSolutionNode = FALSE
	EndGlobalSection
EndGlobal
