
Microsoft Visual Studio Solution File, Format Version 12.00
# Visual Studio 15
VisualStudioVersion = 15.0.27703.2000
MinimumVisualStudioVersion = 10.0.40219.1
Project("{9A19103F-16F7-4668-BE54-9A1E7A4F7556}") = "CSM.Web", "CSM.Web\CSM.Web.csproj", "{8659C01A-7D41-4E8C-87F1-9455B9551C13}"
EndProject
Project("{9A19103F-16F7-4668-BE54-9A1E7A4F7556}") = "CSM.Components", "CSM.Components\CSM.Components.csproj", "{5EE03461-B6F1-4BB7-9607-1D91212BEB5C}"
EndProject
Project("{9A19103F-16F7-4668-BE54-9A1E7A4F7556}") = "CSM.Common", "CSM.Common\CSM.Common.csproj", "{CA66D8BF-D6E8-4C95-93C0-EAC9F64A2FDE}"
EndProject
Global
	GlobalSection(SolutionConfigurationPlatforms) = preSolution
		Debug|Any CPU = Debug|Any CPU
		Release|Any CPU = Release|Any CPU
	EndGlobalSection
	GlobalSection(ProjectConfigurationPlatforms) = postSolution
		{8659C01A-7D41-4E8C-87F1-9455B9551C13}.Debug|Any CPU.ActiveCfg = Debug|Any CPU
		{8659C01A-7D41-4E8C-87F1-9455B9551C13}.Debug|Any CPU.Build.0 = Debug|Any CPU
		{8659C01A-7D41-4E8C-87F1-9455B9551C13}.Release|Any CPU.ActiveCfg = Release|Any CPU
		{8659C01A-7D41-4E8C-87F1-9455B9551C13}.Release|Any CPU.Build.0 = Release|Any CPU
		{5EE03461-B6F1-4BB7-9607-1D91212BEB5C}.Debug|Any CPU.ActiveCfg = Debug|Any CPU
		{5EE03461-B6F1-4BB7-9607-1D91212BEB5C}.Debug|Any CPU.Build.0 = Debug|Any CPU
		{5EE03461-B6F1-4BB7-9607-1D91212BEB5C}.Release|Any CPU.ActiveCfg = Release|Any CPU
		{5EE03461-B6F1-4BB7-9607-1D91212BEB5C}.Release|Any CPU.Build.0 = Release|Any CPU
		{CA66D8BF-D6E8-4C95-93C0-EAC9F64A2FDE}.Debug|Any CPU.ActiveCfg = Debug|Any CPU
		{CA66D8BF-D6E8-4C95-93C0-EAC9F64A2FDE}.Debug|Any CPU.Build.0 = Debug|Any CPU
		{CA66D8BF-D6E8-4C95-93C0-EAC9F64A2FDE}.Release|Any CPU.ActiveCfg = Release|Any CPU
		{CA66D8BF-D6E8-4C95-93C0-EAC9F64A2FDE}.Release|Any CPU.Build.0 = Release|Any CPU
	EndGlobalSection
	GlobalSection(SolutionProperties) = preSolution
		HideSolutionNode = FALSE
	EndGlobalSection
	GlobalSection(ExtensibilityGlobals) = postSolution
		SolutionGuid = {EB0150B7-132C-4CFD-A76A-FD812B82A324}
	EndGlobalSection
EndGlobal
