{
  "requires": true,
  "lockfileVersion": 1,
  "dependencies": {
    "ngx-bootstrap": {
      "version": "3.0.0",
      "resolved": "https://registry.npmjs.org/ngx-bootstrap/-/ngx-bootstrap-3.0.0.tgz",
      "integrity": "sha512-Zu3m5Nwp6ISaqjrFeb1evFoaMn8EDR//RHoKeuLelvFOJjKHaCsbOdkWrAAtpTSapdc892mfZfWdTmSuaN2t5A=="
    }
  }
}
