
Microsoft Visual Studio Solution File, Format Version 12.00
# Visual Studio Version 17
VisualStudioVersion = 17.2.32526.322
MinimumVisualStudioVersion = 10.0.40219.1
Project("{2150E333-8FDC-42A3-9474-1A3956D46DE8}") = "1 - Application", "1 - Application", "{5FE4D6F2-4519-4762-A893-0D38D2024307}"
EndProject
Project("{2150E333-8FDC-42A3-9474-1A3956D46DE8}") = "2- Api", "2- Api", "{7BA3A4C4-139B-4A6A-9A0E-D3B464F1FBA6}"
EndProject
Project("{2150E333-8FDC-42A3-9474-1A3956D46DE8}") = "Solution Items", "Solution Items", "{CE142E92-3367-494A-A921-52A80DB2FBDA}"
	ProjectSection(SolutionItems) = preProject
		..\D-SOFT\DevNote.txt = ..\D-SOFT\DevNote.txt
		docker-compose_db.yml = docker-compose_db.yml
	EndProjectSection
EndProject
Project("{2150E333-8FDC-42A3-9474-1A3956D46DE8}") = "scr", "scr", "{4DFEBE6E-71B1-4EB9-AC50-16BAF58C282D}"
EndProject
Project("{2150E333-8FDC-42A3-9474-1A3956D46DE8}") = "tests", "tests", "{C1389F1E-6CBC-4093-A653-C869E958841A}"
EndProject
Project("{2150E333-8FDC-42A3-9474-1A3956D46DE8}") = "Shared", "Shared", "{3E988146-80DA-4470-B870-1CBB647FED60}"
EndProject
Project("{9A19103F-16F7-4668-BE54-9A1E7A4F7556}") = "DO.Common.Contract", "src\Shared\DO.Common.Contract\DO.Common.Contract.csproj", "{16CFCBC3-79BC-4865-96C3-3C5DC4D2DD92}"
EndProject
Project("{9A19103F-16F7-4668-BE54-9A1E7A4F7556}") = "DO.Common.Std", "src\Shared\DO.Common.Std\DO.Common.Std.csproj", "{BD06FD05-C18E-4984-85D1-7D519F3165E2}"
EndProject
Project("{9A19103F-16F7-4668-BE54-9A1E7A4F7556}") = "DO.Common", "src\DO.Common\DO.Common.csproj", "{156AD571-ADDB-4329-964B-0FB13303D02C}"
EndProject
Project("{9A19103F-16F7-4668-BE54-9A1E7A4F7556}") = "DO.MarketParser", "src\DO.MarketParser\DO.MarketParser.csproj", "{FAFA81A9-A6F9-4126-B6C4-88D9DABC56D5}"
EndProject
Project("{9A19103F-16F7-4668-BE54-9A1E7A4F7556}") = "DO.Market.Service", "src\DO.Market.Service\DO.Market.Service.csproj", "{F09BC43C-C719-4768-A600-6D7DD161FE4B}"
EndProject
Project("{9A19103F-16F7-4668-BE54-9A1E7A4F7556}") = "xUnit.DO.CommonTest", "test\xUnit.DOCommon\xUnit.DO.CommonTest.csproj", "{E2169BFA-23FF-48D3-8CE0-33B740AD103D}"
EndProject
Project("{9A19103F-16F7-4668-BE54-9A1E7A4F7556}") = "xUnit.DO.MarketParserTest", "test\DO.MarketParserTest\xUnit.DO.MarketParserTest.csproj", "{4D67FEAD-65AB-4196-A3F3-13421220E31F}"
EndProject
Project("{2150E333-8FDC-42A3-9474-1A3956D46DE8}") = "Common Services", "Common Services", "{1972DC45-BC73-446D-9400-478C95979344}"
EndProject
Project("{2150E333-8FDC-42A3-9474-1A3956D46DE8}") = "Core Services", "Core Services", "{07FCB0FA-699A-434F-8929-AD3CC0D796F4}"
EndProject
Project("{2150E333-8FDC-42A3-9474-1A3956D46DE8}") = "Domain Data", "Domain Data", "{E65E0FF1-0392-4648-B30B-63786621716B}"
EndProject
Project("{2150E333-8FDC-42A3-9474-1A3956D46DE8}") = "Apps", "Apps", "{B1432F39-BEC0-4AAB-919A-6E2E7C0278E4}"
EndProject
Project("{9A19103F-16F7-4668-BE54-9A1E7A4F7556}") = "BO.MarketInfoGateway", "src\BO.MarketInfoGateway\BO.MarketInfoGateway.csproj", "{1E41BFF4-F917-46CF-A55F-76DB8F24EA2D}"
EndProject
Project("{9A19103F-16F7-4668-BE54-9A1E7A4F7556}") = "DO.Core.Service", "src\DO.Core.Service\DO.Core.Service.csproj", "{6BF63D43-FED6-478B-97A8-6E3E21730853}"
EndProject
Project("{2150E333-8FDC-42A3-9474-1A3956D46DE8}") = "IdentityServer", "IdentityServer", "{5EBC2469-77F2-4F61-9026-16BAB64376D1}"
EndProject
Project("{9A19103F-16F7-4668-BE54-9A1E7A4F7556}") = "DO.Core.Authen", "src\DO.Core.Authen\DO.Core.Authen.csproj", "{22D1F7CC-6CD3-4E45-9127-A3695E3279DB}"
EndProject
Project("{9A19103F-16F7-4668-BE54-9A1E7A4F7556}") = "DO.Core.Api", "src\DO.Core.Api\DO.Core.Api.csproj", "{EEC93187-4EB8-4376-9FDE-90A4679075BF}"
EndProject
Project("{9A19103F-16F7-4668-BE54-9A1E7A4F7556}") = "BO.Core.DataCommon", "src\BO.Core.Data\BO.Core.DataCommon.csproj", "{F1373D06-47A7-4FEC-80FC-DDD746CD1729}"
EndProject
Project("{FAE04EC0-301F-11D3-BF4B-00C04F79EFBC}") = "BO.Core.DataDomain", "src\BO.Core.DataDomain\BO.Core.DataDomain.csproj", "{B91F6823-0893-4EFE-9647-D567C53C64D0}"
EndProject
Global
	GlobalSection(SolutionConfigurationPlatforms) = preSolution
		Debug|Any CPU = Debug|Any CPU
		Release|Any CPU = Release|Any CPU
	EndGlobalSection
	GlobalSection(ProjectConfigurationPlatforms) = postSolution
		{16CFCBC3-79BC-4865-96C3-3C5DC4D2DD92}.Debug|Any CPU.ActiveCfg = Debug|Any CPU
		{16CFCBC3-79BC-4865-96C3-3C5DC4D2DD92}.Debug|Any CPU.Build.0 = Debug|Any CPU
		{16CFCBC3-79BC-4865-96C3-3C5DC4D2DD92}.Release|Any CPU.ActiveCfg = Release|Any CPU
		{16CFCBC3-79BC-4865-96C3-3C5DC4D2DD92}.Release|Any CPU.Build.0 = Release|Any CPU
		{BD06FD05-C18E-4984-85D1-7D519F3165E2}.Debug|Any CPU.ActiveCfg = Debug|Any CPU
		{BD06FD05-C18E-4984-85D1-7D519F3165E2}.Debug|Any CPU.Build.0 = Debug|Any CPU
		{BD06FD05-C18E-4984-85D1-7D519F3165E2}.Release|Any CPU.ActiveCfg = Release|Any CPU
		{BD06FD05-C18E-4984-85D1-7D519F3165E2}.Release|Any CPU.Build.0 = Release|Any CPU
		{156AD571-ADDB-4329-964B-0FB13303D02C}.Debug|Any CPU.ActiveCfg = Debug|Any CPU
		{156AD571-ADDB-4329-964B-0FB13303D02C}.Debug|Any CPU.Build.0 = Debug|Any CPU
		{156AD571-ADDB-4329-964B-0FB13303D02C}.Release|Any CPU.ActiveCfg = Release|Any CPU
		{156AD571-ADDB-4329-964B-0FB13303D02C}.Release|Any CPU.Build.0 = Release|Any CPU
		{FAFA81A9-A6F9-4126-B6C4-88D9DABC56D5}.Debug|Any CPU.ActiveCfg = Debug|Any CPU
		{FAFA81A9-A6F9-4126-B6C4-88D9DABC56D5}.Debug|Any CPU.Build.0 = Debug|Any CPU
		{FAFA81A9-A6F9-4126-B6C4-88D9DABC56D5}.Release|Any CPU.ActiveCfg = Release|Any CPU
		{FAFA81A9-A6F9-4126-B6C4-88D9DABC56D5}.Release|Any CPU.Build.0 = Release|Any CPU
		{F09BC43C-C719-4768-A600-6D7DD161FE4B}.Debug|Any CPU.ActiveCfg = Debug|Any CPU
		{F09BC43C-C719-4768-A600-6D7DD161FE4B}.Debug|Any CPU.Build.0 = Debug|Any CPU
		{F09BC43C-C719-4768-A600-6D7DD161FE4B}.Release|Any CPU.ActiveCfg = Release|Any CPU
		{F09BC43C-C719-4768-A600-6D7DD161FE4B}.Release|Any CPU.Build.0 = Release|Any CPU
		{E2169BFA-23FF-48D3-8CE0-33B740AD103D}.Debug|Any CPU.ActiveCfg = Debug|Any CPU
		{E2169BFA-23FF-48D3-8CE0-33B740AD103D}.Debug|Any CPU.Build.0 = Debug|Any CPU
		{E2169BFA-23FF-48D3-8CE0-33B740AD103D}.Release|Any CPU.ActiveCfg = Release|Any CPU
		{E2169BFA-23FF-48D3-8CE0-33B740AD103D}.Release|Any CPU.Build.0 = Release|Any CPU
		{4D67FEAD-65AB-4196-A3F3-13421220E31F}.Debug|Any CPU.ActiveCfg = Debug|Any CPU
		{4D67FEAD-65AB-4196-A3F3-13421220E31F}.Debug|Any CPU.Build.0 = Debug|Any CPU
		{4D67FEAD-65AB-4196-A3F3-13421220E31F}.Release|Any CPU.ActiveCfg = Release|Any CPU
		{4D67FEAD-65AB-4196-A3F3-13421220E31F}.Release|Any CPU.Build.0 = Release|Any CPU
		{1E41BFF4-F917-46CF-A55F-76DB8F24EA2D}.Debug|Any CPU.ActiveCfg = Debug|Any CPU
		{1E41BFF4-F917-46CF-A55F-76DB8F24EA2D}.Debug|Any CPU.Build.0 = Debug|Any CPU
		{1E41BFF4-F917-46CF-A55F-76DB8F24EA2D}.Release|Any CPU.ActiveCfg = Release|Any CPU
		{1E41BFF4-F917-46CF-A55F-76DB8F24EA2D}.Release|Any CPU.Build.0 = Release|Any CPU
		{6BF63D43-FED6-478B-97A8-6E3E21730853}.Debug|Any CPU.ActiveCfg = Debug|Any CPU
		{6BF63D43-FED6-478B-97A8-6E3E21730853}.Debug|Any CPU.Build.0 = Debug|Any CPU
		{6BF63D43-FED6-478B-97A8-6E3E21730853}.Release|Any CPU.ActiveCfg = Release|Any CPU
		{6BF63D43-FED6-478B-97A8-6E3E21730853}.Release|Any CPU.Build.0 = Release|Any CPU
		{22D1F7CC-6CD3-4E45-9127-A3695E3279DB}.Debug|Any CPU.ActiveCfg = Debug|Any CPU
		{22D1F7CC-6CD3-4E45-9127-A3695E3279DB}.Debug|Any CPU.Build.0 = Debug|Any CPU
		{22D1F7CC-6CD3-4E45-9127-A3695E3279DB}.Release|Any CPU.ActiveCfg = Release|Any CPU
		{22D1F7CC-6CD3-4E45-9127-A3695E3279DB}.Release|Any CPU.Build.0 = Release|Any CPU
		{EEC93187-4EB8-4376-9FDE-90A4679075BF}.Debug|Any CPU.ActiveCfg = Debug|Any CPU
		{EEC93187-4EB8-4376-9FDE-90A4679075BF}.Debug|Any CPU.Build.0 = Debug|Any CPU
		{EEC93187-4EB8-4376-9FDE-90A4679075BF}.Release|Any CPU.ActiveCfg = Release|Any CPU
		{EEC93187-4EB8-4376-9FDE-90A4679075BF}.Release|Any CPU.Build.0 = Release|Any CPU
		{F1373D06-47A7-4FEC-80FC-DDD746CD1729}.Debug|Any CPU.ActiveCfg = Debug|Any CPU
		{F1373D06-47A7-4FEC-80FC-DDD746CD1729}.Debug|Any CPU.Build.0 = Debug|Any CPU
		{F1373D06-47A7-4FEC-80FC-DDD746CD1729}.Release|Any CPU.ActiveCfg = Release|Any CPU
		{F1373D06-47A7-4FEC-80FC-DDD746CD1729}.Release|Any CPU.Build.0 = Release|Any CPU
		{B91F6823-0893-4EFE-9647-D567C53C64D0}.Debug|Any CPU.ActiveCfg = Debug|Any CPU
		{B91F6823-0893-4EFE-9647-D567C53C64D0}.Debug|Any CPU.Build.0 = Debug|Any CPU
		{B91F6823-0893-4EFE-9647-D567C53C64D0}.Release|Any CPU.ActiveCfg = Release|Any CPU
		{B91F6823-0893-4EFE-9647-D567C53C64D0}.Release|Any CPU.Build.0 = Release|Any CPU
	EndGlobalSection
	GlobalSection(SolutionProperties) = preSolution
		HideSolutionNode = FALSE
	EndGlobalSection
	GlobalSection(NestedProjects) = preSolution
		{3E988146-80DA-4470-B870-1CBB647FED60} = {4DFEBE6E-71B1-4EB9-AC50-16BAF58C282D}
		{16CFCBC3-79BC-4865-96C3-3C5DC4D2DD92} = {3E988146-80DA-4470-B870-1CBB647FED60}
		{BD06FD05-C18E-4984-85D1-7D519F3165E2} = {3E988146-80DA-4470-B870-1CBB647FED60}
		{156AD571-ADDB-4329-964B-0FB13303D02C} = {1972DC45-BC73-446D-9400-478C95979344}
		{FAFA81A9-A6F9-4126-B6C4-88D9DABC56D5} = {1972DC45-BC73-446D-9400-478C95979344}
		{F09BC43C-C719-4768-A600-6D7DD161FE4B} = {07FCB0FA-699A-434F-8929-AD3CC0D796F4}
		{E2169BFA-23FF-48D3-8CE0-33B740AD103D} = {C1389F1E-6CBC-4093-A653-C869E958841A}
		{4D67FEAD-65AB-4196-A3F3-13421220E31F} = {C1389F1E-6CBC-4093-A653-C869E958841A}
		{1972DC45-BC73-446D-9400-478C95979344} = {4DFEBE6E-71B1-4EB9-AC50-16BAF58C282D}
		{07FCB0FA-699A-434F-8929-AD3CC0D796F4} = {4DFEBE6E-71B1-4EB9-AC50-16BAF58C282D}
		{E65E0FF1-0392-4648-B30B-63786621716B} = {4DFEBE6E-71B1-4EB9-AC50-16BAF58C282D}
		{B1432F39-BEC0-4AAB-919A-6E2E7C0278E4} = {4DFEBE6E-71B1-4EB9-AC50-16BAF58C282D}
		{1E41BFF4-F917-46CF-A55F-76DB8F24EA2D} = {B1432F39-BEC0-4AAB-919A-6E2E7C0278E4}
		{6BF63D43-FED6-478B-97A8-6E3E21730853} = {07FCB0FA-699A-434F-8929-AD3CC0D796F4}
		{22D1F7CC-6CD3-4E45-9127-A3695E3279DB} = {B1432F39-BEC0-4AAB-919A-6E2E7C0278E4}
		{EEC93187-4EB8-4376-9FDE-90A4679075BF} = {B1432F39-BEC0-4AAB-919A-6E2E7C0278E4}
		{F1373D06-47A7-4FEC-80FC-DDD746CD1729} = {E65E0FF1-0392-4648-B30B-63786621716B}
		{B91F6823-0893-4EFE-9647-D567C53C64D0} = {E65E0FF1-0392-4648-B30B-63786621716B}
	EndGlobalSection
	GlobalSection(ExtensibilityGlobals) = postSolution
		SolutionGuid = {72BA270F-EA60-4822-ADB7-33A29A396144}
	EndGlobalSection
EndGlobal
